// !$*UTF8*$!
{
	archiveVersion = 1;
	classes = {
	};
	objectVersion = 46;
	objects = {

/* Begin PBXBuildFile section */
		01001D471CDD785700442AA2 /* MessageUI.framework in Frameworks */ = {isa = PBXBuildFile; fileRef = 01001D461CDD785700442AA2 /* MessageUI.framework */; };
		0130750E1CB9BF3200A94A34 /* TitleScene.swift in Sources */ = {isa = PBXBuildFile; fileRef = 0130750D1CB9BF3200A94A34 /* TitleScene.swift */; };
		013075101CB9BF5900A94A34 /* TitleScene.sks in Resources */ = {isa = PBXBuildFile; fileRef = 0130750F1CB9BF5900A94A34 /* TitleScene.sks */; };
		013075121CB9D13D00A94A34 /* ShopScene.swift in Sources */ = {isa = PBXBuildFile; fileRef = 013075111CB9D13D00A94A34 /* ShopScene.swift */; };
		013075141CB9D14700A94A34 /* ShopScene.sks in Resources */ = {isa = PBXBuildFile; fileRef = 013075131CB9D14700A94A34 /* ShopScene.sks */; };
		0130751B1CB9F07A00A94A34 /* TitleMusicv3.mp3 in Resources */ = {isa = PBXBuildFile; fileRef = 0130751A1CB9F07A00A94A34 /* TitleMusicv3.mp3 */; };
		01723AF31CCD0D70004AD218 /* SettingsScene.swift in Sources */ = {isa = PBXBuildFile; fileRef = 01723AF21CCD0D70004AD218 /* SettingsScene.swift */; };
		01723AF61CCD133B004AD218 /* SettingsScene.sks in Resources */ = {isa = PBXBuildFile; fileRef = 01723AF51CCD133B004AD218 /* SettingsScene.sks */; };
		01DD23A21CA592EE0075E139 /* AppDelegate.swift in Sources */ = {isa = PBXBuildFile; fileRef = 01DD23A11CA592EE0075E139 /* AppDelegate.swift */; };
		01DD23A41CA592EE0075E139 /* GameScene.sks in Resources */ = {isa = PBXBuildFile; fileRef = 01DD23A31CA592EE0075E139 /* GameScene.sks */; };
		01DD23A61CA592EE0075E139 /* GameScene.swift in Sources */ = {isa = PBXBuildFile; fileRef = 01DD23A51CA592EE0075E139 /* GameScene.swift */; };
		01DD23A81CA592EE0075E139 /* GameViewController.swift in Sources */ = {isa = PBXBuildFile; fileRef = 01DD23A71CA592EE0075E139 /* GameViewController.swift */; };
		01DD23AB1CA592EE0075E139 /* Main.storyboard in Resources */ = {isa = PBXBuildFile; fileRef = 01DD23A91CA592EE0075E139 /* Main.storyboard */; };
		01DD23AD1CA592EE0075E139 /* Assets.xcassets in Resources */ = {isa = PBXBuildFile; fileRef = 01DD23AC1CA592EE0075E139 /* Assets.xcassets */; };
		01DD23B01CA592EE0075E139 /* LaunchScreen.storyboard in Resources */ = {isa = PBXBuildFile; fileRef = 01DD23AE1CA592EE0075E139 /* LaunchScreen.storyboard */; };
		01DD23BB1CA592EE0075E139 /* Take_CoverTests.swift in Sources */ = {isa = PBXBuildFile; fileRef = 01DD23BA1CA592EE0075E139 /* Take_CoverTests.swift */; };
		01DD23C61CA592EE0075E139 /* Take_CoverUITests.swift in Sources */ = {isa = PBXBuildFile; fileRef = 01DD23C51CA592EE0075E139 /* Take_CoverUITests.swift */; };
		01DD23D41CA593830075E139 /* Cover.swift in Sources */ = {isa = PBXBuildFile; fileRef = 01DD23D31CA593830075E139 /* Cover.swift */; };
/* End PBXBuildFile section */

/* Begin PBXContainerItemProxy section */
		01DD23B71CA592EE0075E139 /* PBXContainerItemProxy */ = {
			isa = PBXContainerItemProxy;
			containerPortal = 01DD23961CA592ED0075E139 /* Project object */;
			proxyType = 1;
			remoteGlobalIDString = 01DD239D1CA592EE0075E139;
			remoteInfo = "Take Cover";
		};
		01DD23C21CA592EE0075E139 /* PBXContainerItemProxy */ = {
			isa = PBXContainerItemProxy;
			containerPortal = 01DD23961CA592ED0075E139 /* Project object */;
			proxyType = 1;
			remoteGlobalIDString = 01DD239D1CA592EE0075E139;
			remoteInfo = "Take Cover";
		};
/* End PBXContainerItemProxy section */

/* Begin PBXFileReference section */
		01001D461CDD785700442AA2 /* MessageUI.framework */ = {isa = PBXFileReference; lastKnownFileType = wrapper.framework; name = MessageUI.framework; path = System/Library/Frameworks/MessageUI.framework; sourceTree = SDKROOT; };
		0130750D1CB9BF3200A94A34 /* TitleScene.swift */ = {isa = PBXFileReference; fileEncoding = 4; lastKnownFileType = sourcecode.swift; name = TitleScene.swift; path = ../TitleScene.swift; sourceTree = "<group>"; };
		0130750F1CB9BF5900A94A34 /* TitleScene.sks */ = {isa = PBXFileReference; lastKnownFileType = file.sks; path = TitleScene.sks; sourceTree = "<group>"; };
		013075111CB9D13D00A94A34 /* ShopScene.swift */ = {isa = PBXFileReference; fileEncoding = 4; lastKnownFileType = sourcecode.swift; path = ShopScene.swift; sourceTree = "<group>"; };
		013075131CB9D14700A94A34 /* ShopScene.sks */ = {isa = PBXFileReference; lastKnownFileType = file.sks; path = ShopScene.sks; sourceTree = "<group>"; };
		0130751A1CB9F07A00A94A34 /* TitleMusicv3.mp3 */ = {isa = PBXFileReference; lastKnownFileType = audio.mp3; path = TitleMusicv3.mp3; sourceTree = "<group>"; };
		01723AF21CCD0D70004AD218 /* SettingsScene.swift */ = {isa = PBXFileReference; fileEncoding = 4; lastKnownFileType = sourcecode.swift; path = SettingsScene.swift; sourceTree = "<group>"; };
		01723AF51CCD133B004AD218 /* SettingsScene.sks */ = {isa = PBXFileReference; lastKnownFileType = file.sks; path = SettingsScene.sks; sourceTree = "<group>"; };
		01DD239E1CA592EE0075E139 /* Take Cover.app */ = {isa = PBXFileReference; explicitFileType = wrapper.application; includeInIndex = 0; path = "Take Cover.app"; sourceTree = BUILT_PRODUCTS_DIR; };
		01DD23A11CA592EE0075E139 /* AppDelegate.swift */ = {isa = PBXFileReference; lastKnownFileType = sourcecode.swift; path = AppDelegate.swift; sourceTree = "<group>"; };
		01DD23A31CA592EE0075E139 /* GameScene.sks */ = {isa = PBXFileReference; lastKnownFileType = file.sks; path = GameScene.sks; sourceTree = "<group>"; };
		01DD23A51CA592EE0075E139 /* GameScene.swift */ = {isa = PBXFileReference; lastKnownFileType = sourcecode.swift; lineEnding = 0; path = GameScene.swift; sourceTree = "<group>"; };
		01DD23A71CA592EE0075E139 /* GameViewController.swift */ = {isa = PBXFileReference; lastKnownFileType = sourcecode.swift; path = GameViewController.swift; sourceTree = "<group>"; };
		01DD23AA1CA592EE0075E139 /* Base */ = {isa = PBXFileReference; lastKnownFileType = file.storyboard; name = Base; path = Base.lproj/Main.storyboard; sourceTree = "<group>"; };
		01DD23AC1CA592EE0075E139 /* Assets.xcassets */ = {isa = PBXFileReference; lastKnownFileType = folder.assetcatalog; path = Assets.xcassets; sourceTree = "<group>"; };
		01DD23AF1CA592EE0075E139 /* Base */ = {isa = PBXFileReference; lastKnownFileType = file.storyboard; name = Base; path = Base.lproj/LaunchScreen.storyboard; sourceTree = "<group>"; };
		01DD23B11CA592EE0075E139 /* Info.plist */ = {isa = PBXFileReference; lastKnownFileType = text.plist.xml; path = Info.plist; sourceTree = "<group>"; };
		01DD23B61CA592EE0075E139 /* Take CoverTests.xctest */ = {isa = PBXFileReference; explicitFileType = wrapper.cfbundle; includeInIndex = 0; path = "Take CoverTests.xctest"; sourceTree = BUILT_PRODUCTS_DIR; };
		01DD23BA1CA592EE0075E139 /* Take_CoverTests.swift */ = {isa = PBXFileReference; lastKnownFileType = sourcecode.swift; path = Take_CoverTests.swift; sourceTree = "<group>"; };
		01DD23BC1CA592EE0075E139 /* Info.plist */ = {isa = PBXFileReference; lastKnownFileType = text.plist.xml; path = Info.plist; sourceTree = "<group>"; };
		01DD23C11CA592EE0075E139 /* Take CoverUITests.xctest */ = {isa = PBXFileReference; explicitFileType = wrapper.cfbundle; includeInIndex = 0; path = "Take CoverUITests.xctest"; sourceTree = BUILT_PRODUCTS_DIR; };
		01DD23C51CA592EE0075E139 /* Take_CoverUITests.swift */ = {isa = PBXFileReference; lastKnownFileType = sourcecode.swift; path = Take_CoverUITests.swift; sourceTree = "<group>"; };
		01DD23C71CA592EE0075E139 /* Info.plist */ = {isa = PBXFileReference; lastKnownFileType = text.plist.xml; path = Info.plist; sourceTree = "<group>"; };
		01DD23D31CA593830075E139 /* Cover.swift */ = {isa = PBXFileReference; fileEncoding = 4; lastKnownFileType = sourcecode.swift; path = Cover.swift; sourceTree = "<group>"; };
/* End PBXFileReference section */

/* Begin PBXFrameworksBuildPhase section */
		01DD239B1CA592EE0075E139 /* Frameworks */ = {
			isa = PBXFrameworksBuildPhase;
			buildActionMask = 2147483647;
			files = (
				01001D471CDD785700442AA2 /* MessageUI.framework in Frameworks */,
			);
			runOnlyForDeploymentPostprocessing = 0;
		};
		01DD23B31CA592EE0075E139 /* Frameworks */ = {
			isa = PBXFrameworksBuildPhase;
			buildActionMask = 2147483647;
			files = (
			);
			runOnlyForDeploymentPostprocessing = 0;
		};
		01DD23BE1CA592EE0075E139 /* Frameworks */ = {
			isa = PBXFrameworksBuildPhase;
			buildActionMask = 2147483647;
			files = (
			);
			runOnlyForDeploymentPostprocessing = 0;
		};
/* End PBXFrameworksBuildPhase section */

/* Begin PBXGroup section */
		013075171CB9EE3300A94A34 /* Supporting Files */ = {
			isa = PBXGroup;
			children = (
				01DD23B11CA592EE0075E139 /* Info.plist */,
				0130751A1CB9F07A00A94A34 /* TitleMusicv3.mp3 */,
			);
			name = "Supporting Files";
			sourceTree = "<group>";
		};
		01723AF41CCD0E00004AD218 /* Scenes */ = {
			isa = PBXGroup;
			children = (
				0130750D1CB9BF3200A94A34 /* TitleScene.swift */,
				013075111CB9D13D00A94A34 /* ShopScene.swift */,
				01DD23A51CA592EE0075E139 /* GameScene.swift */,
				01723AF21CCD0D70004AD218 /* SettingsScene.swift */,
			);
			name = Scenes;
			sourceTree = "<group>";
		};
		01BE01431CBDA10F00BC88D7 /* Stuff I don't need */ = {
			isa = PBXGroup;
			children = (
				01DD23A71CA592EE0075E139 /* GameViewController.swift */,
				01DD23D31CA593830075E139 /* Cover.swift */,
				013075131CB9D14700A94A34 /* ShopScene.sks */,
				01DD23A31CA592EE0075E139 /* GameScene.sks */,
				0130750F1CB9BF5900A94A34 /* TitleScene.sks */,
				01DD23A11CA592EE0075E139 /* AppDelegate.swift */,
				01DD23A91CA592EE0075E139 /* Main.storyboard */,
				01DD23AE1CA592EE0075E139 /* LaunchScreen.storyboard */,
				01723AF51CCD133B004AD218 /* SettingsScene.sks */,
			);
			name = "Stuff I don't need";
			sourceTree = "<group>";
		};
		01DD23951CA592ED0075E139 = {
			isa = PBXGroup;
			children = (
				01001D461CDD785700442AA2 /* MessageUI.framework */,
				01DD23A01CA592EE0075E139 /* Take Cover */,
				01DD23B91CA592EE0075E139 /* Take CoverTests */,
				01DD23C41CA592EE0075E139 /* Take CoverUITests */,
				01DD239F1CA592EE0075E139 /* Products */,
			);
			sourceTree = "<group>";
		};
		01DD239F1CA592EE0075E139 /* Products */ = {
			isa = PBXGroup;
			children = (
				01DD239E1CA592EE0075E139 /* Take Cover.app */,
				01DD23B61CA592EE0075E139 /* Take CoverTests.xctest */,
				01DD23C11CA592EE0075E139 /* Take CoverUITests.xctest */,
			);
			name = Products;
			sourceTree = "<group>";
		};
		01DD23A01CA592EE0075E139 /* Take Cover */ = {
			isa = PBXGroup;
			children = (
				01723AF41CCD0E00004AD218 /* Scenes */,
				01DD23AC1CA592EE0075E139 /* Assets.xcassets */,
				01BE01431CBDA10F00BC88D7 /* Stuff I don't need */,
				013075171CB9EE3300A94A34 /* Supporting Files */,
			);
			path = "Take Cover";
			sourceTree = "<group>";
		};
		01DD23B91CA592EE0075E139 /* Take CoverTests */ = {
			isa = PBXGroup;
			children = (
				01DD23BA1CA592EE0075E139 /* Take_CoverTests.swift */,
				01DD23BC1CA592EE0075E139 /* Info.plist */,
			);
			path = "Take CoverTests";
			sourceTree = "<group>";
		};
		01DD23C41CA592EE0075E139 /* Take CoverUITests */ = {
			isa = PBXGroup;
			children = (
				01DD23C51CA592EE0075E139 /* Take_CoverUITests.swift */,
				01DD23C71CA592EE0075E139 /* Info.plist */,
			);
			path = "Take CoverUITests";
			sourceTree = "<group>";
		};
/* End PBXGroup section */

/* Begin PBXNativeTarget section */
		01DD239D1CA592EE0075E139 /* Take Cover */ = {
			isa = PBXNativeTarget;
			buildConfigurationList = 01DD23CA1CA592EE0075E139 /* Build configuration list for PBXNativeTarget "Take Cover" */;
			buildPhases = (
				01DD239A1CA592EE0075E139 /* Sources */,
				01DD239B1CA592EE0075E139 /* Frameworks */,
				01DD239C1CA592EE0075E139 /* Resources */,
			);
			buildRules = (
			);
			dependencies = (
			);
			name = "Take Cover";
			productName = "Take Cover";
			productReference = 01DD239E1CA592EE0075E139 /* Take Cover.app */;
			productType = "com.apple.product-type.application";
		};
		01DD23B51CA592EE0075E139 /* Take CoverTests */ = {
			isa = PBXNativeTarget;
			buildConfigurationList = 01DD23CD1CA592EE0075E139 /* Build configuration list for PBXNativeTarget "Take CoverTests" */;
			buildPhases = (
				01DD23B21CA592EE0075E139 /* Sources */,
				01DD23B31CA592EE0075E139 /* Frameworks */,
				01DD23B41CA592EE0075E139 /* Resources */,
			);
			buildRules = (
			);
			dependencies = (
				01DD23B81CA592EE0075E139 /* PBXTargetDependency */,
			);
			name = "Take CoverTests";
			productName = "Take CoverTests";
			productReference = 01DD23B61CA592EE0075E139 /* Take CoverTests.xctest */;
			productType = "com.apple.product-type.bundle.unit-test";
		};
		01DD23C01CA592EE0075E139 /* Take CoverUITests */ = {
			isa = PBXNativeTarget;
			buildConfigurationList = 01DD23D01CA592EE0075E139 /* Build configuration list for PBXNativeTarget "Take CoverUITests" */;
			buildPhases = (
				01DD23BD1CA592EE0075E139 /* Sources */,
				01DD23BE1CA592EE0075E139 /* Frameworks */,
				01DD23BF1CA592EE0075E139 /* Resources */,
			);
			buildRules = (
			);
			dependencies = (
				01DD23C31CA592EE0075E139 /* PBXTargetDependency */,
			);
			name = "Take CoverUITests";
			productName = "Take CoverUITests";
			productReference = 01DD23C11CA592EE0075E139 /* Take CoverUITests.xctest */;
			productType = "com.apple.product-type.bundle.ui-testing";
		};
/* End PBXNativeTarget section */

/* Begin PBXProject section */
		01DD23961CA592ED0075E139 /* Project object */ = {
			isa = PBXProject;
			attributes = {
				LastSwiftUpdateCheck = 0730;
				LastUpgradeCheck = 0730;
				ORGANIZATIONNAME = "Alexander Warren";
				TargetAttributes = {
					01DD239D1CA592EE0075E139 = {
						CreatedOnToolsVersion = 7.3;
						DevelopmentTeam = 4TF9CKAL5T;
					};
					01DD23B51CA592EE0075E139 = {
						CreatedOnToolsVersion = 7.3;
						DevelopmentTeam = 4TF9CKAL5T;
						TestTargetID = 01DD239D1CA592EE0075E139;
					};
					01DD23C01CA592EE0075E139 = {
						CreatedOnToolsVersion = 7.3;
						DevelopmentTeam = 4TF9CKAL5T;
						TestTargetID = 01DD239D1CA592EE0075E139;
					};
				};
			};
			buildConfigurationList = 01DD23991CA592ED0075E139 /* Build configuration list for PBXProject "Take Cover" */;
			compatibilityVersion = "Xcode 3.2";
			developmentRegion = English;
			hasScannedForEncodings = 0;
			knownRegions = (
				en,
				Base,
			);
			mainGroup = 01DD23951CA592ED0075E139;
			productRefGroup = 01DD239F1CA592EE0075E139 /* Products */;
			projectDirPath = "";
			projectRoot = "";
			targets = (
				01DD239D1CA592EE0075E139 /* Take Cover */,
				01DD23B51CA592EE0075E139 /* Take CoverTests */,
				01DD23C01CA592EE0075E139 /* Take CoverUITests */,
			);
		};
/* End PBXProject section */

/* Begin PBXResourcesBuildPhase section */
		01DD239C1CA592EE0075E139 /* Resources */ = {
			isa = PBXResourcesBuildPhase;
			buildActionMask = 2147483647;
			files = (
				01DD23A41CA592EE0075E139 /* GameScene.sks in Resources */,
				01DD23B01CA592EE0075E139 /* LaunchScreen.storyboard in Resources */,
				01DD23AD1CA592EE0075E139 /* Assets.xcassets in Resources */,
				013075101CB9BF5900A94A34 /* TitleScene.sks in Resources */,
				013075141CB9D14700A94A34 /* ShopScene.sks in Resources */,
				01DD23AB1CA592EE0075E139 /* Main.storyboard in Resources */,
				0130751B1CB9F07A00A94A34 /* TitleMusicv3.mp3 in Resources */,
				01723AF61CCD133B004AD218 /* SettingsScene.sks in Resources */,
			);
			runOnlyForDeploymentPostprocessing = 0;
		};
		01DD23B41CA592EE0075E139 /* Resources */ = {
			isa = PBXResourcesBuildPhase;
			buildActionMask = 2147483647;
			files = (
			);
			runOnlyForDeploymentPostprocessing = 0;
		};
		01DD23BF1CA592EE0075E139 /* Resources */ = {
			isa = PBXResourcesBuildPhase;
			buildActionMask = 2147483647;
			files = (
			);
			runOnlyForDeploymentPostprocessing = 0;
		};
/* End PBXResourcesBuildPhase section */

/* Begin PBXSourcesBuildPhase section */
		01DD239A1CA592EE0075E139 /* Sources */ = {
			isa = PBXSourcesBuildPhase;
			buildActionMask = 2147483647;
			files = (
				013075121CB9D13D00A94A34 /* ShopScene.swift in Sources */,
				01723AF31CCD0D70004AD218 /* SettingsScene.swift in Sources */,
				01DD23A61CA592EE0075E139 /* GameScene.swift in Sources */,
				01DD23D41CA593830075E139 /* Cover.swift in Sources */,
				01DD23A81CA592EE0075E139 /* GameViewController.swift in Sources */,
				01DD23A21CA592EE0075E139 /* AppDelegate.swift in Sources */,
				0130750E1CB9BF3200A94A34 /* TitleScene.swift in Sources */,
			);
			runOnlyForDeploymentPostprocessing = 0;
		};
		01DD23B21CA592EE0075E139 /* Sources */ = {
			isa = PBXSourcesBuildPhase;
			buildActionMask = 2147483647;
			files = (
				01DD23BB1CA592EE0075E139 /* Take_CoverTests.swift in Sources */,
			);
			runOnlyForDeploymentPostprocessing = 0;
		};
		01DD23BD1CA592EE0075E139 /* Sources */ = {
			isa = PBXSourcesBuildPhase;
			buildActionMask = 2147483647;
			files = (
				01DD23C61CA592EE0075E139 /* Take_CoverUITests.swift in Sources */,
			);
			runOnlyForDeploymentPostprocessing = 0;
		};
/* End PBXSourcesBuildPhase section */

/* Begin PBXTargetDependency section */
		01DD23B81CA592EE0075E139 /* PBXTargetDependency */ = {
			isa = PBXTargetDependency;
			target = 01DD239D1CA592EE0075E139 /* Take Cover */;
			targetProxy = 01DD23B71CA592EE0075E139 /* PBXContainerItemProxy */;
		};
		01DD23C31CA592EE0075E139 /* PBXTargetDependency */ = {
			isa = PBXTargetDependency;
			target = 01DD239D1CA592EE0075E139 /* Take Cover */;
			targetProxy = 01DD23C21CA592EE0075E139 /* PBXContainerItemProxy */;
		};
/* End PBXTargetDependency section */

/* Begin PBXVariantGroup section */
		01DD23A91CA592EE0075E139 /* Main.storyboard */ = {
			isa = PBXVariantGroup;
			children = (
				01DD23AA1CA592EE0075E139 /* Base */,
			);
			name = Main.storyboard;
			sourceTree = "<group>";
		};
		01DD23AE1CA592EE0075E139 /* LaunchScreen.storyboard */ = {
			isa = PBXVariantGroup;
			children = (
				01DD23AF1CA592EE0075E139 /* Base */,
			);
			name = LaunchScreen.storyboard;
			sourceTree = "<group>";
		};
/* End PBXVariantGroup section */

/* Begin XCBuildConfiguration section */
		01DD23C81CA592EE0075E139 /* Debug */ = {
			isa = XCBuildConfiguration;
			buildSettings = {
				ALWAYS_SEARCH_USER_PATHS = NO;
				CLANG_ANALYZER_NONNULL = YES;
				CLANG_CXX_LANGUAGE_STANDARD = "gnu++0x";
				CLANG_CXX_LIBRARY = "libc++";
				CLANG_ENABLE_MODULES = YES;
				CLANG_ENABLE_OBJC_ARC = YES;
				CLANG_WARN_BOOL_CONVERSION = YES;
				CLANG_WARN_CONSTANT_CONVERSION = YES;
				CLANG_WARN_DIRECT_OBJC_ISA_USAGE = YES_ERROR;
				CLANG_WARN_EMPTY_BODY = YES;
				CLANG_WARN_ENUM_CONVERSION = YES;
				CLANG_WARN_INT_CONVERSION = YES;
				CLANG_WARN_OBJC_ROOT_CLASS = YES_ERROR;
				CLANG_WARN_UNREACHABLE_CODE = YES;
				CLANG_WARN__DUPLICATE_METHOD_MATCH = YES;
				"CODE_SIGN_IDENTITY[sdk=iphoneos*]" = "iPhone Developer";
				COPY_PHASE_STRIP = NO;
				DEBUG_INFORMATION_FORMAT = "dwarf-with-dsym";
				ENABLE_STRICT_OBJC_MSGSEND = YES;
				ENABLE_TESTABILITY = YES;
				GCC_C_LANGUAGE_STANDARD = gnu99;
				GCC_DYNAMIC_NO_PIC = NO;
				GCC_NO_COMMON_BLOCKS = YES;
				GCC_OPTIMIZATION_LEVEL = 0;
				GCC_PREPROCESSOR_DEFINITIONS = (
					"DEBUG=1",
					"$(inherited)",
				);
				GCC_WARN_64_TO_32_BIT_CONVERSION = YES;
				GCC_WARN_ABOUT_RETURN_TYPE = YES_ERROR;
				GCC_WARN_UNDECLARED_SELECTOR = YES;
				GCC_WARN_UNINITIALIZED_AUTOS = YES_AGGRESSIVE;
				GCC_WARN_UNUSED_FUNCTION = YES;
				GCC_WARN_UNUSED_VARIABLE = YES;
				IPHONEOS_DEPLOYMENT_TARGET = 9.3;
				MTL_ENABLE_DEBUG_INFO = YES;
				ONLY_ACTIVE_ARCH = YES;
				SDKROOT = iphoneos;
				SWIFT_OPTIMIZATION_LEVEL = "-Onone";
			};
			name = Debug;
		};
		01DD23C91CA592EE0075E139 /* Release */ = {
			isa = XCBuildConfiguration;
			buildSettings = {
				ALWAYS_SEARCH_USER_PATHS = NO;
				CLANG_ANALYZER_NONNULL = YES;
				CLANG_CXX_LANGUAGE_STANDARD = "gnu++0x";
				CLANG_CXX_LIBRARY = "libc++";
				CLANG_ENABLE_MODULES = YES;
				CLANG_ENABLE_OBJC_ARC = YES;
				CLANG_WARN_BOOL_CONVERSION = YES;
				CLANG_WARN_CONSTANT_CONVERSION = YES;
				CLANG_WARN_DIRECT_OBJC_ISA_USAGE = YES_ERROR;
				CLANG_WARN_EMPTY_BODY = YES;
				CLANG_WARN_ENUM_CONVERSION = YES;
				CLANG_WARN_INT_CONVERSION = YES;
				CLANG_WARN_OBJC_ROOT_CLASS = YES_ERROR;
				CLANG_WARN_UNREACHABLE_CODE = YES;
				CLANG_WARN__DUPLICATE_METHOD_MATCH = YES;
				"CODE_SIGN_IDENTITY[sdk=iphoneos*]" = "iPhone Developer";
				COPY_PHASE_STRIP = NO;
				DEBUG_INFORMATION_FORMAT = "dwarf-with-dsym";
				ENABLE_NS_ASSERTIONS = NO;
				ENABLE_STRICT_OBJC_MSGSEND = YES;
				GCC_C_LANGUAGE_STANDARD = gnu99;
				GCC_NO_COMMON_BLOCKS = YES;
				GCC_WARN_64_TO_32_BIT_CONVERSION = YES;
				GCC_WARN_ABOUT_RETURN_TYPE = YES_ERROR;
				GCC_WARN_UNDECLARED_SELECTOR = YES;
				GCC_WARN_UNINITIALIZED_AUTOS = YES_AGGRESSIVE;
				GCC_WARN_UNUSED_FUNCTION = YES;
				GCC_WARN_UNUSED_VARIABLE = YES;
				IPHONEOS_DEPLOYMENT_TARGET = 9.3;
				MTL_ENABLE_DEBUG_INFO = NO;
				SDKROOT = iphoneos;
				VALIDATE_PRODUCT = YES;
			};
			name = Release;
		};
		01DD23CB1CA592EE0075E139 /* Debug */ = {
			isa = XCBuildConfiguration;
			buildSettings = {
				ASSETCATALOG_COMPILER_APPICON_NAME = AppIcon;
				INFOPLIST_FILE = "Take Cover/Info.plist";
				IPHONEOS_DEPLOYMENT_TARGET = 8.4;
				LD_RUNPATH_SEARCH_PATHS = "$(inherited) @executable_path/Frameworks";
				PRODUCT_BUNDLE_IDENTIFIER = "com.example.Take-Cover";
				PRODUCT_NAME = "$(TARGET_NAME)";
				TARGETED_DEVICE_FAMILY = 1;
			};
			name = Debug;
		};
		01DD23CC1CA592EE0075E139 /* Release */ = {
			isa = XCBuildConfiguration;
			buildSettings = {
				ASSETCATALOG_COMPILER_APPICON_NAME = AppIcon;
				INFOPLIST_FILE = "Take Cover/Info.plist";
				IPHONEOS_DEPLOYMENT_TARGET = 8.4;
				LD_RUNPATH_SEARCH_PATHS = "$(inherited) @executable_path/Frameworks";
				PRODUCT_BUNDLE_IDENTIFIER = "com.example.Take-Cover";
				PRODUCT_NAME = "$(TARGET_NAME)";
				TARGETED_DEVICE_FAMILY = 1;
			};
			name = Release;
		};
		01DD23CE1CA592EE0075E139 /* Debug */ = {
			isa = XCBuildConfiguration;
			buildSettings = {
				BUNDLE_LOADER = "$(TEST_HOST)";
				DEBUG_INFORMATION_FORMAT = dwarf;
				INFOPLIST_FILE = "Take CoverTests/Info.plist";
				LD_RUNPATH_SEARCH_PATHS = "$(inherited) @executable_path/Frameworks @loader_path/Frameworks";
				PRODUCT_BUNDLE_IDENTIFIER = "com.example.Take-CoverTests";
				PRODUCT_NAME = "$(TARGET_NAME)";
				TEST_HOST = "$(BUILT_PRODUCTS_DIR)/Take Cover.app/Take Cover";
			};
			name = Debug;
		};
		01DD23CF1CA592EE0075E139 /* Release */ = {
			isa = XCBuildConfiguration;
			buildSettings = {
				BUNDLE_LOADER = "$(TEST_HOST)";
				INFOPLIST_FILE = "Take CoverTests/Info.plist";
				LD_RUNPATH_SEARCH_PATHS = "$(inherited) @executable_path/Frameworks @loader_path/Frameworks";
				PRODUCT_BUNDLE_IDENTIFIER = "com.example.Take-CoverTests";
				PRODUCT_NAME = "$(TARGET_NAME)";
				TEST_HOST = "$(BUILT_PRODUCTS_DIR)/Take Cover.app/Take Cover";
			};
			name = Release;
		};
		01DD23D11CA592EE0075E139 /* Debug */ = {
			isa = XCBuildConfiguration;
			buildSettings = {
				DEBUG_INFORMATION_FORMAT = dwarf;
				INFOPLIST_FILE = "Take CoverUITests/Info.plist";
				LD_RUNPATH_SEARCH_PATHS = "$(inherited) @executable_path/Frameworks @loader_path/Frameworks";
				PRODUCT_BUNDLE_IDENTIFIER = "com.example.Take-CoverUITests";
				PRODUCT_NAME = "$(TARGET_NAME)";
				TEST_TARGET_NAME = "Take Cover";
			};
			name = Debug;
		};
		01DD23D21CA592EE0075E139 /* Release */ = {
			isa = XCBuildConfiguration;
			buildSettings = {
				INFOPLIST_FILE = "Take CoverUITests/Info.plist";
				LD_RUNPATH_SEARCH_PATHS = "$(inherited) @executable_path/Frameworks @loader_path/Frameworks";
				PRODUCT_BUNDLE_IDENTIFIER = "com.example.Take-CoverUITests";
				PRODUCT_NAME = "$(TARGET_NAME)";
				TEST_TARGET_NAME = "Take Cover";
			};
			name = Release;
		};
/* End XCBuildConfiguration section */

/* Begin XCConfigurationList section */
		01DD23991CA592ED0075E139 /* Build configuration list for PBXProject "Take Cover" */ = {
			isa = XCConfigurationList;
			buildConfigurations = (
				01DD23C81CA592EE0075E139 /* Debug */,
				01DD23C91CA592EE0075E139 /* Release */,
			);
			defaultConfigurationIsVisible = 0;
			defaultConfigurationName = Release;
		};
		01DD23CA1CA592EE0075E139 /* Build configuration list for PBXNativeTarget "Take Cover" */ = {
			isa = XCConfigurationList;
			buildConfigurations = (
				01DD23CB1CA592EE0075E139 /* Debug */,
				01DD23CC1CA592EE0075E139 /* Release */,
			);
			defaultConfigurationIsVisible = 0;
			defaultConfigurationName = Release;
		};
		01DD23CD1CA592EE0075E139 /* Build configuration list for PBXNativeTarget "Take CoverTests" */ = {
			isa = XCConfigurationList;
			buildConfigurations = (
				01DD23CE1CA592EE0075E139 /* Debug */,
				01DD23CF1CA592EE0075E139 /* Release */,
			);
			defaultConfigurationIsVisible = 0;
			defaultConfigurationName = Release;
		};
		01DD23D01CA592EE0075E139 /* Build configuration list for PBXNativeTarget "Take CoverUITests" */ = {
			isa = XCConfigurationList;
			buildConfigurations = (
				01DD23D11CA592EE0075E139 /* Debug */,
				01DD23D21CA592EE0075E139 /* Release */,
			);
			defaultConfigurationIsVisible = 0;
			defaultConfigurationName = Release;
		};
/* End XCConfigurationList section */
	};
	rootObject = 01DD23961CA592ED0075E139 /* Project object */;
}
